<?xml version="1.0" encoding="utf-8"?>
<Project ToolsVersion="4.0" xmlns="http://schemas.microsoft.com/developer/msbuild/2003">
  <ItemGroup>
    <Filter Include="Quelldateien">
      <UniqueIdentifier>{4FC737F1-C7A5-4376-A066-2A32D752A2FF}</UniqueIdentifier>
      <Extensions>cpp;c;cc;cxx;def;odl;idl;hpj;bat;asm;asmx</Extensions>
    </Filter>
    <Filter Include="Headerdateien">
      <UniqueIdentifier>{93995380-89BD-4b04-88EB-625FBE52EBFB}</UniqueIdentifier>
      <Extensions>h;hh;hpp;hxx;hm;inl;inc;ipp;xsd</Extensions>
    </Filter>
    <Filter Include="Ressourcendateien">
      <UniqueIdentifier>{67DA6AB6-F800-4c08-8B7A-83BB121AAD01}</UniqueIdentifier>
      <Extensions>rc;ico;cur;bmp;dlg;rc2;rct;bin;rgs;gif;jpg;jpeg;jpe;resx;tiff;tif;png;wav;mfcribbon-ms</Extensions>
    </Filter>
  </ItemGroup>
  <ItemGroup>
    <ClCompile Include="src\eguiImpl\nodes\MainMenuElement.cpp">
      <Filter>Quelldateien</Filter>
    </ClCompile>
    <ClCompile Include="src\eguiImpl\nodes\PauseStateElement.cpp">
      <Filter>Quelldateien</Filter>
    </ClCompile>
    <ClCompile Include="src\eguiImpl\themes\VoxelcraftTheme.cpp">
      <Filter>Quelldateien</Filter>
    </ClCompile>
    <ClCompile Include="src\model\events\block\BlockBreakEvent.cpp">
      <Filter>Quelldateien</Filter>
    </ClCompile>
    <ClCompile Include="src\model\events\block\BlockEvent.cpp">
      <Filter>Quelldateien</Filter>
    </ClCompile>
    <ClCompile Include="src\model\events\block\BlockPlaceEvent.cpp">
      <Filter>Quelldateien</Filter>
    </ClCompile>
    <ClCompile Include="src\model\events\chunkStack\ChunkStackEvent.cpp">
      <Filter>Quelldateien</Filter>
    </ClCompile>
    <ClCompile Include="src\model\events\chunkStack\ChunkStackUnloadEvent.cpp">
      <Filter>Quelldateien</Filter>
    </ClCompile>
    <ClCompile Include="src\model\events\player\ItemInHandChangedEvent.cpp">
      <Filter>Quelldateien</Filter>
    </ClCompile>
    <ClCompile Include="src\model\events\player\PlayerEvent.cpp">
      <Filter>Quelldateien</Filter>
    </ClCompile>
    <ClCompile Include="src\model\events\player\ToggleSprintingEvent.cpp">
      <Filter>Quelldateien</Filter>
    </ClCompile>
    <ClCompile Include="src\model\events\Cancellable.cpp">
      <Filter>Quelldateien</Filter>
    </ClCompile>
    <ClCompile Include="src\model\states\IngameState.cpp">
      <Filter>Quelldateien</Filter>
    </ClCompile>
    <ClCompile Include="src\model\states\MainMenuState.cpp">
      <Filter>Quelldateien</Filter>
    </ClCompile>
    <ClCompile Include="src\model\states\PauseState.cpp">
      <Filter>Quelldateien</Filter>
    </ClCompile>
    <ClCompile Include="src\model\states\State.cpp">
      <Filter>Quelldateien</Filter>
    </ClCompile>
    <ClCompile Include="src\model\states\StateManager.cpp">
      <Filter>Quelldateien</Filter>
    </ClCompile>
    <ClCompile Include="src\model\utils\Cleanable.cpp">
      <Filter>Quelldateien</Filter>
    </ClCompile>
    <ClCompile Include="src\model\utils\FileUtils.cpp">
      <Filter>Quelldateien</Filter>
    </ClCompile>
    <ClCompile Include="src\model\utils\MathUtils.cpp">
      <Filter>Quelldateien</Filter>
    </ClCompile>
    <ClCompile Include="src\model\utils\TimeUtils.cpp">
      <Filter>Quelldateien</Filter>
    </ClCompile>
    <ClCompile Include="src\model\utils\VectorUtils.cpp">
      <Filter>Quelldateien</Filter>
    </ClCompile>
    <ClCompile Include="src\model\AbstractBlock.cpp">
      <Filter>Quelldateien</Filter>
    </ClCompile>
    <ClCompile Include="src\model\Bedrock.cpp">
      <Filter>Quelldateien</Filter>
    </ClCompile>
    <ClCompile Include="src\model\Block.cpp">
      <Filter>Quelldateien</Filter>
    </ClCompile>
    <ClCompile Include="src\model\BlockCreator.cpp">
      <Filter>Quelldateien</Filter>
    </ClCompile>
    <ClCompile Include="src\model\BlockType.cpp">
      <Filter>Quelldateien</Filter>
    </ClCompile>
    <ClCompile Include="src\model\Chunk.cpp">
      <Filter>Quelldateien</Filter>
    </ClCompile>
    <ClCompile Include="src\model\ChunkIO.cpp">
      <Filter>Quelldateien</Filter>
    </ClCompile>
    <ClCompile Include="src\model\ChunkSaver.cpp">
      <Filter>Quelldateien</Filter>
    </ClCompile>
    <ClCompile Include="src\model\ChunkStack.cpp">
      <Filter>Quelldateien</Filter>
    </ClCompile>
    <ClCompile Include="src\model\ChunkStackGenerator.cpp">
      <Filter>Quelldateien</Filter>
    </ClCompile>
    <ClCompile Include="src\model\EdenGenerator.cpp">
      <Filter>Quelldateien</Filter>
    </ClCompile>
    <ClCompile Include="src\model\Frustum.cpp">
      <Filter>Quelldateien</Filter>
    </ClCompile>
    <ClCompile Include="src\model\Level.cpp">
      <Filter>Quelldateien</Filter>
    </ClCompile>
    <ClCompile Include="src\model\LevelBuilder.cpp">
      <Filter>Quelldateien</Filter>
    </ClCompile>
    <ClCompile Include="src\model\LevelIOException.cpp">
      <Filter>Quelldateien</Filter>
    </ClCompile>
    <ClCompile Include="src\model\LevelMetadata.cpp">
      <Filter>Quelldateien</Filter>
    </ClCompile>
    <ClCompile Include="src\model\MousePicker.cpp">
      <Filter>Quelldateien</Filter>
    </ClCompile>
    <ClCompile Include="src\model\Player.cpp">
      <Filter>Quelldateien</Filter>
    </ClCompile>
    <ClCompile Include="src\model\PlayerPosition.cpp">
      <Filter>Quelldateien</Filter>
    </ClCompile>
    <ClCompile Include="src\model\ProjectionMatrix.cpp">
      <Filter>Quelldateien</Filter>
    </ClCompile>
    <ClCompile Include="src\model\TextureOrientation.cpp">
      <Filter>Quelldateien</Filter>
    </ClCompile>
    <ClCompile Include="src\rendering\shaderPrograms\ShaderProgram.cpp">
      <Filter>Quelldateien</Filter>
    </ClCompile>
    <ClCompile Include="src\rendering\shaderPrograms\VertexFragmentShaderProgram.cpp">
      <Filter>Quelldateien</Filter>
    </ClCompile>
    <ClCompile Include="src\rendering\shaderPrograms\VertexGeometryFragmentShaderProgram.cpp">
      <Filter>Quelldateien</Filter>
    </ClCompile>
    <ClCompile Include="src\rendering\BlockRenderer.cpp">
      <Filter>Quelldateien</Filter>
    </ClCompile>
    <ClCompile Include="src\rendering\GaussianBlurPostProcessor.cpp">
      <Filter>Quelldateien</Filter>
    </ClCompile>
    <ClCompile Include="src\rendering\LevelRenderer.cpp">
      <Filter>Quelldateien</Filter>
    </ClCompile>
    <ClCompile Include="src\rendering\PostProcessor.cpp">
      <Filter>Quelldateien</Filter>
    </ClCompile>
    <ClCompile Include="src\renderModel\AbstractChunkVaoManager.cpp">
      <Filter>Quelldateien</Filter>
    </ClCompile>
    <ClCompile Include="src\renderModel\ChunkVaoManager.cpp">
      <Filter>Quelldateien</Filter>
    </ClCompile>
    <ClCompile Include="src\renderModel\DefaultChunkVao.cpp">
      <Filter>Quelldateien</Filter>
    </ClCompile>
    <ClCompile Include="src\renderModel\FrameBufferObject.cpp">
      <Filter>Quelldateien</Filter>
    </ClCompile>
    <ClCompile Include="src\renderModel\GeneralVertexArrayObject.cpp">
      <Filter>Quelldateien</Filter>
    </ClCompile>
    <ClCompile Include="src\renderModel\InstancedRenderingVbo.cpp">
      <Filter>Quelldateien</Filter>
    </ClCompile>
    <ClCompile Include="src\renderModel\SimpleTexture.cpp">
      <Filter>Quelldateien</Filter>
    </ClCompile>
    <ClCompile Include="src\renderModel\Texture.cpp">
      <Filter>Quelldateien</Filter>
    </ClCompile>
    <ClCompile Include="src\renderModel\TextureArray.cpp">
      <Filter>Quelldateien</Filter>
    </ClCompile>
    <ClCompile Include="src\system\KeyAssignmentsImpl.cpp">
      <Filter>Quelldateien</Filter>
    </ClCompile>
    <ClCompile Include="src\system\Lwjgl3CursorHandler.cpp">
      <Filter>Quelldateien</Filter>
    </ClCompile>
    <ClCompile Include="src\system\Lwjgl3DisplayHandler.cpp">
      <Filter>Quelldateien</Filter>
    </ClCompile>
    <ClCompile Include="src\system\Lwjgl3InputHandler.cpp">
      <Filter>Quelldateien</Filter>
    </ClCompile>
    <ClCompile Include="src\system\Main.cpp">
      <Filter>Quelldateien</Filter>
    </ClCompile>
    <ClCompile Include="..\..\..\..\visual_studio_dependencies\gzstream\gzstream.cpp">
      <Filter>Quelldateien</Filter>
    </ClCompile>
    <ClCompile Include="..\..\..\..\visual_studio_dependencies\simplex-noise\SimplexNoise.cpp">
      <Filter>Quelldateien</Filter>
    </ClCompile>
    <ClCompile Include="..\..\..\..\visual_studio_dependencies\glad\src\glad.cpp">
      <Filter>Quelldateien</Filter>
    </ClCompile>
    <ClCompile Include="src\renderModel\ChunkVaoData.cpp">
      <Filter>Quelldateien</Filter>
    </ClCompile>
    <ClCompile Include="src\rendering\Renderer2D.cpp">
      <Filter>Quelldateien</Filter>
    </ClCompile>
    <ClCompile Include="src\model\Inventory.cpp">
      <Filter>Quelldateien</Filter>
    </ClCompile>
    <ClCompile Include="src\model\Slot.cpp">
      <Filter>Quelldateien</Filter>
    </ClCompile>
    <ClCompile Include="src\model\PlayerInventory.cpp">
      <Filter>Quelldateien</Filter>
    </ClCompile>
    <ClCompile Include="src\rendering\FreePositionableBlockRenderer.cpp">
      <Filter>Quelldateien</Filter>
    </ClCompile>
    <ClCompile Include="src\rendering\BlockInHandRenderer.cpp">
      <Filter>Quelldateien</Filter>
    </ClCompile>
    <ClCompile Include="src\rendering\BlockInInventoryRenderer.cpp">
      <Filter>Quelldateien</Filter>
    </ClCompile>
    <ClCompile Include="src\rendering\GameItemInInventoryRenderer.cpp">
      <Filter>Quelldateien</Filter>
    </ClCompile>
    <ClCompile Include="src\rendering\IngameHotbarRenderer.cpp">
      <Filter>Quelldateien</Filter>
    </ClCompile>
    <ClCompile Include="src\eguiImpl\nodes\OptionsStateElement.cpp">
      <Filter>Quelldateien</Filter>
    </ClCompile>
    <ClCompile Include="src\model\states\OptionsState.cpp">
      <Filter>Quelldateien</Filter>
    </ClCompile>
    <ClCompile Include="src\renderModel\inventoryGui\CreativeInventoryGUI.cpp">
      <Filter>Quelldateien</Filter>
    </ClCompile>
    <ClCompile Include="src\rendering\BasicInHandRenderer.cpp">
      <Filter>Quelldateien</Filter>
    </ClCompile>
    <ClCompile Include="src\rendering\InHandRendererFacade.cpp">
      <Filter>Quelldateien</Filter>
    </ClCompile>
  </ItemGroup>
  <ItemGroup>
    <ClInclude Include="src\eguiImpl\nodes\MainMenuElement.h">
      <Filter>Headerdateien</Filter>
    </ClInclude>
    <ClInclude Include="src\eguiImpl\nodes\PauseStateElement.h">
      <Filter>Headerdateien</Filter>
    </ClInclude>
    <ClInclude Include="src\eguiImpl\themes\VoxelcraftTheme.h">
      <Filter>Headerdateien</Filter>
    </ClInclude>
    <ClInclude Include="src\model\events\block\BlockBreakEvent.h">
      <Filter>Headerdateien</Filter>
    </ClInclude>
    <ClInclude Include="src\model\events\block\BlockEvent.h">
      <Filter>Headerdateien</Filter>
    </ClInclude>
    <ClInclude Include="src\model\events\block\BlockPlaceEvent.h">
      <Filter>Headerdateien</Filter>
    </ClInclude>
    <ClInclude Include="src\model\events\chunkStack\ChunkStackEvent.h">
      <Filter>Headerdateien</Filter>
    </ClInclude>
    <ClInclude Include="src\model\events\chunkStack\ChunkStackUnloadEvent.h">
      <Filter>Headerdateien</Filter>
    </ClInclude>
    <ClInclude Include="src\model\events\player\ItemInHandChangedEvent.h">
      <Filter>Headerdateien</Filter>
    </ClInclude>
    <ClInclude Include="src\model\events\player\PlayerEvent.h">
      <Filter>Headerdateien</Filter>
    </ClInclude>
    <ClInclude Include="src\model\events\player\ToggleSprintingEvent.h">
      <Filter>Headerdateien</Filter>
    </ClInclude>
    <ClInclude Include="src\model\events\Cancellable.h">
      <Filter>Headerdateien</Filter>
    </ClInclude>
    <ClInclude Include="src\model\states\FpsProvider.h">
      <Filter>Headerdateien</Filter>
    </ClInclude>
    <ClInclude Include="src\model\states\IngameState.h">
      <Filter>Headerdateien</Filter>
    </ClInclude>
    <ClInclude Include="src\model\states\MainMenuState.h">
      <Filter>Headerdateien</Filter>
    </ClInclude>
    <ClInclude Include="src\model\states\PauseState.h">
      <Filter>Headerdateien</Filter>
    </ClInclude>
    <ClInclude Include="src\model\states\State.h">
      <Filter>Headerdateien</Filter>
    </ClInclude>
    <ClInclude Include="src\model\states\StateManager.h">
      <Filter>Headerdateien</Filter>
    </ClInclude>
    <ClInclude Include="src\model\utils\Cleanable.h">
      <Filter>Headerdateien</Filter>
    </ClInclude>
    <ClInclude Include="src\model\utils\EigenVectorMapUtils.h">
      <Filter>Headerdateien</Filter>
    </ClInclude>
    <ClInclude Include="src\model\utils\FileUtils.h">
      <Filter>Headerdateien</Filter>
    </ClInclude>
    <ClInclude Include="src\model\utils\MathUtils.h">
      <Filter>Headerdateien</Filter>
    </ClInclude>
    <ClInclude Include="src\model\utils\TimeUtils.h">
      <Filter>Headerdateien</Filter>
    </ClInclude>
    <ClInclude Include="src\model\utils\VectorUtils.h">
      <Filter>Headerdateien</Filter>
    </ClInclude>
    <ClInclude Include="src\model\AbstractBlock.h">
      <Filter>Headerdateien</Filter>
    </ClInclude>
    <ClInclude Include="src\model\AbstractChunk.h">
      <Filter>Headerdateien</Filter>
    </ClInclude>
    <ClInclude Include="src\model\AbstractChunkSaver.h">
      <Filter>Headerdateien</Filter>
    </ClInclude>
    <ClInclude Include="src\model\AbstractChunkStack.h">
      <Filter>Headerdateien</Filter>
    </ClInclude>
    <ClInclude Include="src\model\AbstractPlayer.h">
      <Filter>Headerdateien</Filter>
    </ClInclude>
    <ClInclude Include="src\model\Bedrock.h">
      <Filter>Headerdateien</Filter>
    </ClInclude>
    <ClInclude Include="src\model\Block.h">
      <Filter>Headerdateien</Filter>
    </ClInclude>
    <ClInclude Include="src\model\BlockCreator.h">
      <Filter>Headerdateien</Filter>
    </ClInclude>
    <ClInclude Include="src\model\BlockType.h">
      <Filter>Headerdateien</Filter>
    </ClInclude>
    <ClInclude Include="src\model\Chunk.h">
      <Filter>Headerdateien</Filter>
    </ClInclude>
    <ClInclude Include="src\model\ChunkIO.h">
      <Filter>Headerdateien</Filter>
    </ClInclude>
    <ClInclude Include="src\model\ChunkSaver.h">
      <Filter>Headerdateien</Filter>
    </ClInclude>
    <ClInclude Include="src\model\ChunkStack.h">
      <Filter>Headerdateien</Filter>
    </ClInclude>
    <ClInclude Include="src\model\ChunkStackGenerator.h">
      <Filter>Headerdateien</Filter>
    </ClInclude>
    <ClInclude Include="src\model\EdenGenerator.h">
      <Filter>Headerdateien</Filter>
    </ClInclude>
    <ClInclude Include="src\model\Face.h">
      <Filter>Headerdateien</Filter>
    </ClInclude>
    <ClInclude Include="src\model\Frustum.h">
      <Filter>Headerdateien</Filter>
    </ClInclude>
    <ClInclude Include="src\model\GameItem.h">
      <Filter>Headerdateien</Filter>
    </ClInclude>
    <ClInclude Include="src\model\Level.h">
      <Filter>Headerdateien</Filter>
    </ClInclude>
    <ClInclude Include="src\model\LevelBuilder.h">
      <Filter>Headerdateien</Filter>
    </ClInclude>
    <ClInclude Include="src\model\LevelIOException.h">
      <Filter>Headerdateien</Filter>
    </ClInclude>
    <ClInclude Include="src\model\LevelMetadata.h">
      <Filter>Headerdateien</Filter>
    </ClInclude>
    <ClInclude Include="src\model\MousePicker.h">
      <Filter>Headerdateien</Filter>
    </ClInclude>
    <ClInclude Include="src\model\Player.h">
      <Filter>Headerdateien</Filter>
    </ClInclude>
    <ClInclude Include="src\model\PlayerPosition.h">
      <Filter>Headerdateien</Filter>
    </ClInclude>
    <ClInclude Include="src\model\ProjectionMatrix.h">
      <Filter>Headerdateien</Filter>
    </ClInclude>
    <ClInclude Include="src\model\TextureOrientation.h">
      <Filter>Headerdateien</Filter>
    </ClInclude>
    <ClInclude Include="src\rendering\shaderPrograms\ShaderProgram.h">
      <Filter>Headerdateien</Filter>
    </ClInclude>
    <ClInclude Include="src\rendering\shaderPrograms\VertexFragmentShaderProgram.h">
      <Filter>Headerdateien</Filter>
    </ClInclude>
    <ClInclude Include="src\rendering\shaderPrograms\VertexGeometryFragmentShaderProgram.h">
      <Filter>Headerdateien</Filter>
    </ClInclude>
    <ClInclude Include="src\rendering\BlockRenderer.h">
      <Filter>Headerdateien</Filter>
    </ClInclude>
    <ClInclude Include="src\rendering\GaussianBlurPostProcessor.h">
      <Filter>Headerdateien</Filter>
    </ClInclude>
    <ClInclude Include="src\rendering\LevelRenderer.h">
      <Filter>Headerdateien</Filter>
    </ClInclude>
    <ClInclude Include="src\rendering\LevelRendererInterface.h">
      <Filter>Headerdateien</Filter>
    </ClInclude>
    <ClInclude Include="src\rendering\ParticleRenderer.h">
      <Filter>Headerdateien</Filter>
    </ClInclude>
    <ClInclude Include="src\rendering\PostProcessor.h">
      <Filter>Headerdateien</Filter>
    </ClInclude>
    <ClInclude Include="src\renderModel\AbstractChunkVaoManager.h">
      <Filter>Headerdateien</Filter>
    </ClInclude>
    <ClInclude Include="src\renderModel\BufferOffsetMacro.h">
      <Filter>Headerdateien</Filter>
    </ClInclude>
    <ClInclude Include="src\renderModel\ChunkVaoManager.h">
      <Filter>Headerdateien</Filter>
    </ClInclude>
    <ClInclude Include="src\renderModel\ChunkVertexArrayObject.h">
      <Filter>Headerdateien</Filter>
    </ClInclude>
    <ClInclude Include="src\renderModel\DefaultChunkVao.h">
      <Filter>Headerdateien</Filter>
    </ClInclude>
    <ClInclude Include="src\renderModel\FrameBufferObject.h">
      <Filter>Headerdateien</Filter>
    </ClInclude>
    <ClInclude Include="src\renderModel\GeneralVertexArrayObject.h">
      <Filter>Headerdateien</Filter>
    </ClInclude>
    <ClInclude Include="src\renderModel\InstancedRenderingVbo.h">
      <Filter>Headerdateien</Filter>
    </ClInclude>
    <ClInclude Include="src\renderModel\SimpleTexture.h">
      <Filter>Headerdateien</Filter>
    </ClInclude>
    <ClInclude Include="src\renderModel\Texture.h">
      <Filter>Headerdateien</Filter>
    </ClInclude>
    <ClInclude Include="src\renderModel\TextureArray.h">
      <Filter>Headerdateien</Filter>
    </ClInclude>
    <ClInclude Include="src\renderModel\VaoManager.h">
      <Filter>Headerdateien</Filter>
    </ClInclude>
    <ClInclude Include="src\renderModel\VertexArrayObject.h">
      <Filter>Headerdateien</Filter>
    </ClInclude>
    <ClInclude Include="src\system\KeyAssignmentsImpl.h">
      <Filter>Headerdateien</Filter>
    </ClInclude>
    <ClInclude Include="src\system\Lwjgl3CursorHandler.h">
      <Filter>Headerdateien</Filter>
    </ClInclude>
    <ClInclude Include="src\system\Lwjgl3DisplayHandler.h">
      <Filter>Headerdateien</Filter>
    </ClInclude>
    <ClInclude Include="src\system\Lwjgl3InputHandler.h">
      <Filter>Headerdateien</Filter>
    </ClInclude>
    <ClInclude Include="src\system\Main.h">
      <Filter>Headerdateien</Filter>
    </ClInclude>
    <ClInclude Include="src\renderModel\ChunkVaoData.h">
      <Filter>Headerdateien</Filter>
    </ClInclude>
    <ClInclude Include="src\rendering\Renderer2D.h">
      <Filter>Headerdateien</Filter>
    </ClInclude>
    <ClInclude Include="src\model\Slot.h">
      <Filter>Headerdateien</Filter>
    </ClInclude>
    <ClInclude Include="src\model\Inventory.h">
      <Filter>Headerdateien</Filter>
    </ClInclude>
    <ClInclude Include="src\model\PlayerInventory.h">
      <Filter>Headerdateien</Filter>
    </ClInclude>
    <ClInclude Include="src\rendering\BlockInInventoryRenderer.h">
      <Filter>Headerdateien</Filter>
    </ClInclude>
    <ClInclude Include="src\rendering\FreePositionableBlockRenderer.h">
      <Filter>Headerdateien</Filter>
    </ClInclude>
    <ClInclude Include="src\rendering\BlockInHandRenderer.h">
      <Filter>Headerdateien</Filter>
    </ClInclude>
    <ClInclude Include="src\rendering\GameItemInInventoryRenderer.h">
      <Filter>Headerdateien</Filter>
    </ClInclude>
    <ClInclude Include="src\rendering\IngameHotbarRenderer.h">
      <Filter>Headerdateien</Filter>
    </ClInclude>
    <ClInclude Include="src\model\states\OptionsState.h">
      <Filter>Headerdateien</Filter>
    </ClInclude>
    <ClInclude Include="src\eguiImpl\nodes\OptionsStateElement.h">
      <Filter>Headerdateien</Filter>
    </ClInclude>
    <ClInclude Include="src\renderModel\inventoryGui\InventoryGUI.h">
      <Filter>Headerdateien</Filter>
    </ClInclude>
    <ClInclude Include="src\renderModel\inventoryGui\CreativeInventoryGUI.h">
      <Filter>Headerdateien</Filter>
    </ClInclude>
    <ClInclude Include="src\rendering\BasicInHandRenderer.h">
      <Filter>Headerdateien</Filter>
    </ClInclude>
    <ClInclude Include="src\rendering\InHandRendererFacade.h">
      <Filter>Headerdateien</Filter>
    </ClInclude>
  </ItemGroup>
  <ItemGroup>
    <None Include="src\rendering\shaderPrograms\shaders\2d_fragment.glsl" />
    <None Include="src\rendering\shaderPrograms\shaders\2d_vertex.glsl" />
    <None Include="src\rendering\shaderPrograms\shaders\blocks_fragment.glsl" />
    <None Include="src\rendering\shaderPrograms\shaders\blocks_geometry.glsl" />
    <None Include="src\rendering\shaderPrograms\shaders\blocks_vertex.glsl" />
    <None Include="src\rendering\shaderPrograms\shaders\chunkCulling_fragment.glsl" />
    <None Include="src\rendering\shaderPrograms\shaders\chunkCulling_vertex.glsl" />
    <None Include="src\rendering\shaderPrograms\shaders\contrastChanging_fragment.glsl" />
    <None Include="src\rendering\shaderPrograms\shaders\contrastChanging_vertex.glsl" />
    <None Include="src\rendering\shaderPrograms\shaders\defaultPostProcessing_fragment.glsl" />
    <None Include="src\rendering\shaderPrograms\shaders\defaultPostProcessing_vertex.glsl" />
    <None Include="src\rendering\shaderPrograms\shaders\gaussianBlur_fragment.glsl" />
    <None Include="src\rendering\shaderPrograms\shaders\gaussianBlur_horizontal_vertex.glsl" />
    <None Include="src\rendering\shaderPrograms\shaders\gaussianBlur_vertical_vertex.glsl" />
    <None Include="src\rendering\shaderPrograms\shaders\particle_fragment.glsl" />
    <None Include="src\rendering\shaderPrograms\shaders\particle_vertex.glsl" />
    <None Include="src\rendering\shaderPrograms\shaders\skybox_fragment.glsl" />
    <None Include="src\rendering\shaderPrograms\shaders\skybox_vertex.glsl" />
    <None Include="src\rendering\shaderPrograms\shaders\freePositionableBlock_vertex.glsl" />
    <None Include="src\rendering\shaderPrograms\shaders\freePositionableBlock_fragment.glsl" />
  </ItemGroup>
</Project>